
Microsoft Visual Studio Solution File, Format Version 12.00
# Visual Studio Version 17
VisualStudioVersion = 17.7.34024.191
MinimumVisualStudioVersion = 10.0.40219.1
Project("{FAE04EC0-301F-11D3-BF4B-00C04F79EFBC}") = "E-Sorokin_KT-42-22", "E-Sorokin_KT-42-22\E-Sorokin_KT-42-22.csproj", "{40835933-1D0D-4251-AC0A-ACA72E605896}"
EndProject
Global
	GlobalSection(SolutionConfigurationPlatforms) = preSolution
		Debug|Any CPU = Debug|Any CPU
		Release|Any CPU = Release|Any CPU
	EndGlobalSection
	GlobalSection(ProjectConfigurationPlatforms) = postSolution
		{40835933-1D0D-4251-AC0A-ACA72E605896}.Debug|Any CPU.ActiveCfg = Debug|Any CPU
		{40835933-1D0D-4251-AC0A-ACA72E605896}.Debug|Any CPU.Build.0 = Debug|Any CPU
		{40835933-1D0D-4251-AC0A-ACA72E605896}.Release|Any CPU.ActiveCfg = Release|Any CPU
		{40835933-1D0D-4251-AC0A-ACA72E605896}.Release|Any CPU.Build.0 = Release|Any CPU
	EndGlobalSection
	GlobalSection(SolutionProperties) = preSolution
		HideSolutionNode = FALSE
	EndGlobalSection
	GlobalSection(ExtensibilityGlobals) = postSolution
		SolutionGuid = {1B99A498-3864-4865-B56F-A2131ADBC944}
	EndGlobalSection
EndGlobal
